
Microsoft Visual Studio Solution File, Format Version 12.00
# Visual Studio Version 17
VisualStudioVersion = 17.8.34511.84
MinimumVisualStudioVersion = 10.0.40219.1
Project("{9A19103F-16F7-4668-BE54-9A1E7A4F7556}") = "CSharpInterpriterSemanticKernel", "CSharpInterpriterSemanticKernel.csproj", "{3DF5FC18-F016-4A72-BE28-18D81419086D}"
EndProject
Project("{9A19103F-16F7-4668-BE54-9A1E7A4F7556}") = "Library", "..\AssemblyToAPI\Library\Library.csproj", "{FF888E71-6C17-44F0-9628-1A0618EF0C9B}"
EndProject
Global
	GlobalSection(SolutionConfigurationPlatforms) = preSolution
		Debug|Any CPU = Debug|Any CPU
		Release|Any CPU = Release|Any CPU
	EndGlobalSection
	GlobalSection(ProjectConfigurationPlatforms) = postSolution
		{3DF5FC18-F016-4A72-BE28-18D81419086D}.Debug|Any CPU.ActiveCfg = Debug|Any CPU
		{3DF5FC18-F016-4A72-BE28-18D81419086D}.Debug|Any CPU.Build.0 = Debug|Any CPU
		{3DF5FC18-F016-4A72-BE28-18D81419086D}.Release|Any CPU.ActiveCfg = Release|Any CPU
		{3DF5FC18-F016-4A72-BE28-18D81419086D}.Release|Any CPU.Build.0 = Release|Any CPU
		{FF888E71-6C17-44F0-9628-1A0618EF0C9B}.Debug|Any CPU.ActiveCfg = Debug|Any CPU
		{FF888E71-6C17-44F0-9628-1A0618EF0C9B}.Debug|Any CPU.Build.0 = Debug|Any CPU
		{FF888E71-6C17-44F0-9628-1A0618EF0C9B}.Release|Any CPU.ActiveCfg = Release|Any CPU
		{FF888E71-6C17-44F0-9628-1A0618EF0C9B}.Release|Any CPU.Build.0 = Release|Any CPU
	EndGlobalSection
	GlobalSection(SolutionProperties) = preSolution
		HideSolutionNode = FALSE
	EndGlobalSection
	GlobalSection(ExtensibilityGlobals) = postSolution
		SolutionGuid = {A86FDC30-AC1A-4E59-98BE-806F4A9D6626}
	EndGlobalSection
EndGlobal
